
Microsoft Visual Studio Solution File, Format Version 12.00
# Visual Studio Version 16
VisualStudioVersion = 16.0.30907.101
MinimumVisualStudioVersion = 10.0.40219.1
Project("{9A19103F-16F7-4668-BE54-9A1E7A4F7556}") = "Stars", "OOP_Facultate\Stars.csproj", "{1436C29B-28CC-480C-BAB4-34F649C4BDDD}"
EndProject
Project("{9A19103F-16F7-4668-BE54-9A1E7A4F7556}") = "Time", "Time\Time.csproj", "{5FF467E6-C2C2-458E-B48F-EBD3E5CF1D2A}"
EndProject
Project("{FAE04EC0-301F-11D3-BF4B-00C04F79EFBC}") = "Complex", "Complex\Complex.csproj", "{F21E7E92-B599-44B4-87D1-E07FD1F85271}"
EndProject
Project("{FAE04EC0-301F-11D3-BF4B-00C04F79EFBC}") = "Rational", "Rational\Rational.csproj", "{89A5D0F4-F499-4CBD-825D-8E71EFAD6542}"
EndProject
Global
	GlobalSection(SolutionConfigurationPlatforms) = preSolution
		Debug|Any CPU = Debug|Any CPU
		Release|Any CPU = Release|Any CPU
	EndGlobalSection
	GlobalSection(ProjectConfigurationPlatforms) = postSolution
		{1436C29B-28CC-480C-BAB4-34F649C4BDDD}.Debug|Any CPU.ActiveCfg = Debug|Any CPU
		{1436C29B-28CC-480C-BAB4-34F649C4BDDD}.Debug|Any CPU.Build.0 = Debug|Any CPU
		{1436C29B-28CC-480C-BAB4-34F649C4BDDD}.Release|Any CPU.ActiveCfg = Release|Any CPU
		{1436C29B-28CC-480C-BAB4-34F649C4BDDD}.Release|Any CPU.Build.0 = Release|Any CPU
		{5FF467E6-C2C2-458E-B48F-EBD3E5CF1D2A}.Debug|Any CPU.ActiveCfg = Debug|Any CPU
		{5FF467E6-C2C2-458E-B48F-EBD3E5CF1D2A}.Debug|Any CPU.Build.0 = Debug|Any CPU
		{5FF467E6-C2C2-458E-B48F-EBD3E5CF1D2A}.Release|Any CPU.ActiveCfg = Release|Any CPU
		{5FF467E6-C2C2-458E-B48F-EBD3E5CF1D2A}.Release|Any CPU.Build.0 = Release|Any CPU
		{F21E7E92-B599-44B4-87D1-E07FD1F85271}.Debug|Any CPU.ActiveCfg = Debug|Any CPU
		{F21E7E92-B599-44B4-87D1-E07FD1F85271}.Debug|Any CPU.Build.0 = Debug|Any CPU
		{F21E7E92-B599-44B4-87D1-E07FD1F85271}.Release|Any CPU.ActiveCfg = Release|Any CPU
		{F21E7E92-B599-44B4-87D1-E07FD1F85271}.Release|Any CPU.Build.0 = Release|Any CPU
		{89A5D0F4-F499-4CBD-825D-8E71EFAD6542}.Debug|Any CPU.ActiveCfg = Debug|Any CPU
		{89A5D0F4-F499-4CBD-825D-8E71EFAD6542}.Debug|Any CPU.Build.0 = Debug|Any CPU
		{89A5D0F4-F499-4CBD-825D-8E71EFAD6542}.Release|Any CPU.ActiveCfg = Release|Any CPU
		{89A5D0F4-F499-4CBD-825D-8E71EFAD6542}.Release|Any CPU.Build.0 = Release|Any CPU
	EndGlobalSection
	GlobalSection(SolutionProperties) = preSolution
		HideSolutionNode = FALSE
	EndGlobalSection
	GlobalSection(ExtensibilityGlobals) = postSolution
		SolutionGuid = {B66FDD9C-CD0F-4169-B429-9BF1C7014021}
	EndGlobalSection
EndGlobal
